
Microsoft Visual Studio Solution File, Format Version 12.00
# Visual Studio 15
VisualStudioVersion = 15.0.27703.2042
MinimumVisualStudioVersion = 10.0.40219.1
Project("{FAE04EC0-301F-11D3-BF4B-00C04F79EFBC}") = "MatrixExplorerProject", "MatrixExplorerProject\MatrixExplorerProject.csproj", "{23F1A8FE-E08E-4C9C-A06E-28338AD44BCC}"
EndProject
Global
	GlobalSection(SolutionConfigurationPlatforms) = preSolution
		Debug|Any CPU = Debug|Any CPU
		Release|Any CPU = Release|Any CPU
	EndGlobalSection
	GlobalSection(ProjectConfigurationPlatforms) = postSolution
		{23F1A8FE-E08E-4C9C-A06E-28338AD44BCC}.Debug|Any CPU.ActiveCfg = Debug|Any CPU
		{23F1A8FE-E08E-4C9C-A06E-28338AD44BCC}.Debug|Any CPU.Build.0 = Debug|Any CPU
		{23F1A8FE-E08E-4C9C-A06E-28338AD44BCC}.Release|Any CPU.ActiveCfg = Release|Any CPU
		{23F1A8FE-E08E-4C9C-A06E-28338AD44BCC}.Release|Any CPU.Build.0 = Release|Any CPU
	EndGlobalSection
	GlobalSection(SolutionProperties) = preSolution
		HideSolutionNode = FALSE
	EndGlobalSection
	GlobalSection(ExtensibilityGlobals) = postSolution
		SolutionGuid = {A2D8BA29-1A43-44BA-A330-45165881A879}
	EndGlobalSection
EndGlobal
